
Microsoft Visual Studio Solution File, Format Version 12.00
# Visual Studio Version 17
VisualStudioVersion = 17.3.32901.215
MinimumVisualStudioVersion = 10.0.40219.1
Project("{FAE04EC0-301F-11D3-BF4B-00C04F79EFBC}") = "FilaBackend", "FilaBackend\FilaBackend.csproj", "{33CADEB9-3A5B-42CD-83FB-5A9B679C9D64}"
EndProject
Project("{FAE04EC0-301F-11D3-BF4B-00C04F79EFBC}") = "FilaWPF", "FilaWPF\FilaWPF.csproj", "{83629444-8C45-4E5B-91A0-A06CA961C6BF}"
EndProject
Global
	GlobalSection(SolutionConfigurationPlatforms) = preSolution
		Debug|Any CPU = Debug|Any CPU
		Release|Any CPU = Release|Any CPU
	EndGlobalSection
	GlobalSection(ProjectConfigurationPlatforms) = postSolution
		{33CADEB9-3A5B-42CD-83FB-5A9B679C9D64}.Debug|Any CPU.ActiveCfg = Debug|Any CPU
		{33CADEB9-3A5B-42CD-83FB-5A9B679C9D64}.Debug|Any CPU.Build.0 = Debug|Any CPU
		{33CADEB9-3A5B-42CD-83FB-5A9B679C9D64}.Release|Any CPU.ActiveCfg = Release|Any CPU
		{33CADEB9-3A5B-42CD-83FB-5A9B679C9D64}.Release|Any CPU.Build.0 = Release|Any CPU
		{83629444-8C45-4E5B-91A0-A06CA961C6BF}.Debug|Any CPU.ActiveCfg = Debug|Any CPU
		{83629444-8C45-4E5B-91A0-A06CA961C6BF}.Debug|Any CPU.Build.0 = Debug|Any CPU
		{83629444-8C45-4E5B-91A0-A06CA961C6BF}.Release|Any CPU.ActiveCfg = Release|Any CPU
		{83629444-8C45-4E5B-91A0-A06CA961C6BF}.Release|Any CPU.Build.0 = Release|Any CPU
	EndGlobalSection
	GlobalSection(SolutionProperties) = preSolution
		HideSolutionNode = FALSE
	EndGlobalSection
	GlobalSection(ExtensibilityGlobals) = postSolution
		SolutionGuid = {4998A9F2-0105-439B-A4B9-D5C185055F3B}
	EndGlobalSection
EndGlobal
